// !$*UTF8*$!
{
	archiveVersion = 1;
	classes = {
	};
	objectVersion = 56;
	objects = {

/* Begin PBXBuildFile section */
		9A1E40CF2BD90CB7003087C8 /* Launch Screen.storyboard in Resources */ = {isa = PBXBuildFile; fileRef = 9A1E40CE2BD90CB7003087C8 /* Launch Screen.storyboard */; };
		9A30DF942BD11F5500B9DA52 /* Extensions.swift in Sources */ = {isa = PBXBuildFile; fileRef = 9A30DF932BD11F5500B9DA52 /* Extensions.swift */; };
		9A31ABD62BD1007F00348D1A /* TLButton.swift in Sources */ = {isa = PBXBuildFile; fileRef = 9A31ABD52BD1007F00348D1A /* TLButton.swift */; };
		9A3C731B2BC6815900372C74 /* HeaderView.swift in Sources */ = {isa = PBXBuildFile; fileRef = 9A3C731A2BC6815900372C74 /* HeaderView.swift */; };
		9A42549B2BC52D61008CF725 /* ToDoListApp.swift in Sources */ = {isa = PBXBuildFile; fileRef = 9A42549A2BC52D61008CF725 /* ToDoListApp.swift */; };
		9A42549D2BC52D61008CF725 /* MainView.swift in Sources */ = {isa = PBXBuildFile; fileRef = 9A42549C2BC52D61008CF725 /* MainView.swift */; };
		9A42549F2BC52D65008CF725 /* Assets.xcassets in Resources */ = {isa = PBXBuildFile; fileRef = 9A42549E2BC52D65008CF725 /* Assets.xcassets */; };
		9A4254A22BC52D65008CF725 /* Preview Assets.xcassets in Resources */ = {isa = PBXBuildFile; fileRef = 9A4254A12BC52D65008CF725 /* Preview Assets.xcassets */; };
		9A4254B62BC5321D008CF725 /* FirebaseAuth in Frameworks */ = {isa = PBXBuildFile; productRef = 9A4254B52BC5321D008CF725 /* FirebaseAuth */; };
		9A4254C22BC5321D008CF725 /* FirebaseFirestore in Frameworks */ = {isa = PBXBuildFile; productRef = 9A4254C12BC5321D008CF725 /* FirebaseFirestore */; };
		9A4254C62BC5321D008CF725 /* FirebaseFirestoreSwift in Frameworks */ = {isa = PBXBuildFile; productRef = 9A4254C52BC5321D008CF725 /* FirebaseFirestoreSwift */; };
		9A4254D42BC543BD008CF725 /* GoogleService-Info.plist in Resources */ = {isa = PBXBuildFile; fileRef = 9A4254D32BC543BD008CF725 /* GoogleService-Info.plist */; };
		9A4254DA2BC54633008CF725 /* ProfileView.swift in Sources */ = {isa = PBXBuildFile; fileRef = 9A4254D92BC54633008CF725 /* ProfileView.swift */; };
		9A4254DC2BC54663008CF725 /* ToDoListView.swift in Sources */ = {isa = PBXBuildFile; fileRef = 9A4254DB2BC54663008CF725 /* ToDoListView.swift */; };
		9A4254DE2BC5467F008CF725 /* NewItemView.swift in Sources */ = {isa = PBXBuildFile; fileRef = 9A4254DD2BC5467F008CF725 /* NewItemView.swift */; };
		9A4254E02BC5468B008CF725 /* LoginView.swift in Sources */ = {isa = PBXBuildFile; fileRef = 9A4254DF2BC5468B008CF725 /* LoginView.swift */; };
		9A4254E22BC5469B008CF725 /* RegisterView.swift in Sources */ = {isa = PBXBuildFile; fileRef = 9A4254E12BC5469B008CF725 /* RegisterView.swift */; };
		9A4254E42BC546DA008CF725 /* ToDoListItemView.swift in Sources */ = {isa = PBXBuildFile; fileRef = 9A4254E32BC546DA008CF725 /* ToDoListItemView.swift */; };
		9A4254E62BC54716008CF725 /* User.swift in Sources */ = {isa = PBXBuildFile; fileRef = 9A4254E52BC54716008CF725 /* User.swift */; };
		9A4254E82BC54723008CF725 /* ToDoListItem.swift in Sources */ = {isa = PBXBuildFile; fileRef = 9A4254E72BC54723008CF725 /* ToDoListItem.swift */; };
		9A4254EA2BC5474F008CF725 /* MainViewViewModel.swift in Sources */ = {isa = PBXBuildFile; fileRef = 9A4254E92BC5474F008CF725 /* MainViewViewModel.swift */; };
		9A4254EC2BC54757008CF725 /* ProfileViewViewModel.swift in Sources */ = {isa = PBXBuildFile; fileRef = 9A4254EB2BC54757008CF725 /* ProfileViewViewModel.swift */; };
		9A4254EE2BC54761008CF725 /* ToDoListViewViewModel.swift in Sources */ = {isa = PBXBuildFile; fileRef = 9A4254ED2BC54761008CF725 /* ToDoListViewViewModel.swift */; };
		9A4254F02BC5476C008CF725 /* NewItemViewViewModel.swift in Sources */ = {isa = PBXBuildFile; fileRef = 9A4254EF2BC5476C008CF725 /* NewItemViewViewModel.swift */; };
		9A4254F22BC54775008CF725 /* LoginViewViewModel.swift in Sources */ = {isa = PBXBuildFile; fileRef = 9A4254F12BC54775008CF725 /* LoginViewViewModel.swift */; };
		9A4254F42BC5477F008CF725 /* RegisterViewViewModel.swift in Sources */ = {isa = PBXBuildFile; fileRef = 9A4254F32BC5477F008CF725 /* RegisterViewViewModel.swift */; };
		9A4254F62BC5478D008CF725 /* ToDoListItemViewViewModel.swift in Sources */ = {isa = PBXBuildFile; fileRef = 9A4254F52BC5478D008CF725 /* ToDoListItemViewViewModel.swift */; };
/* End PBXBuildFile section */

/* Begin PBXFileReference section */
		9A1E40CE2BD90CB7003087C8 /* Launch Screen.storyboard */ = {isa = PBXFileReference; lastKnownFileType = file.storyboard; path = "Launch Screen.storyboard"; sourceTree = "<group>"; };
		9A30DF932BD11F5500B9DA52 /* Extensions.swift */ = {isa = PBXFileReference; lastKnownFileType = sourcecode.swift; path = Extensions.swift; sourceTree = "<group>"; };
		9A31ABD52BD1007F00348D1A /* TLButton.swift */ = {isa = PBXFileReference; lastKnownFileType = sourcecode.swift; path = TLButton.swift; sourceTree = "<group>"; };
		9A3C731A2BC6815900372C74 /* HeaderView.swift */ = {isa = PBXFileReference; lastKnownFileType = sourcecode.swift; path = HeaderView.swift; sourceTree = "<group>"; };
		9A4254972BC52D61008CF725 /* ToDoList.app */ = {isa = PBXFileReference; explicitFileType = wrapper.application; includeInIndex = 0; path = ToDoList.app; sourceTree = BUILT_PRODUCTS_DIR; };
		9A42549A2BC52D61008CF725 /* ToDoListApp.swift */ = {isa = PBXFileReference; lastKnownFileType = sourcecode.swift; path = ToDoListApp.swift; sourceTree = "<group>"; };
		9A42549C2BC52D61008CF725 /* MainView.swift */ = {isa = PBXFileReference; lastKnownFileType = sourcecode.swift; path = MainView.swift; sourceTree = "<group>"; };
		9A42549E2BC52D65008CF725 /* Assets.xcassets */ = {isa = PBXFileReference; lastKnownFileType = folder.assetcatalog; path = Assets.xcassets; sourceTree = "<group>"; };
		9A4254A12BC52D65008CF725 /* Preview Assets.xcassets */ = {isa = PBXFileReference; lastKnownFileType = folder.assetcatalog; path = "Preview Assets.xcassets"; sourceTree = "<group>"; };
		9A4254D32BC543BD008CF725 /* GoogleService-Info.plist */ = {isa = PBXFileReference; fileEncoding = 4; lastKnownFileType = text.plist.xml; path = "GoogleService-Info.plist"; sourceTree = "<group>"; };
		9A4254D92BC54633008CF725 /* ProfileView.swift */ = {isa = PBXFileReference; lastKnownFileType = sourcecode.swift; path = ProfileView.swift; sourceTree = "<group>"; };
		9A4254DB2BC54663008CF725 /* ToDoListView.swift */ = {isa = PBXFileReference; lastKnownFileType = sourcecode.swift; path = ToDoListView.swift; sourceTree = "<group>"; };
		9A4254DD2BC5467F008CF725 /* NewItemView.swift */ = {isa = PBXFileReference; lastKnownFileType = sourcecode.swift; path = NewItemView.swift; sourceTree = "<group>"; };
		9A4254DF2BC5468B008CF725 /* LoginView.swift */ = {isa = PBXFileReference; lastKnownFileType = sourcecode.swift; path = LoginView.swift; sourceTree = "<group>"; };
		9A4254E12BC5469B008CF725 /* RegisterView.swift */ = {isa = PBXFileReference; lastKnownFileType = sourcecode.swift; path = RegisterView.swift; sourceTree = "<group>"; };
		9A4254E32BC546DA008CF725 /* ToDoListItemView.swift */ = {isa = PBXFileReference; lastKnownFileType = sourcecode.swift; path = ToDoListItemView.swift; sourceTree = "<group>"; };
		9A4254E52BC54716008CF725 /* User.swift */ = {isa = PBXFileReference; lastKnownFileType = sourcecode.swift; path = User.swift; sourceTree = "<group>"; };
		9A4254E72BC54723008CF725 /* ToDoListItem.swift */ = {isa = PBXFileReference; lastKnownFileType = sourcecode.swift; path = ToDoListItem.swift; sourceTree = "<group>"; };
		9A4254E92BC5474F008CF725 /* MainViewViewModel.swift */ = {isa = PBXFileReference; lastKnownFileType = sourcecode.swift; path = MainViewViewModel.swift; sourceTree = "<group>"; };
		9A4254EB2BC54757008CF725 /* ProfileViewViewModel.swift */ = {isa = PBXFileReference; lastKnownFileType = sourcecode.swift; path = ProfileViewViewModel.swift; sourceTree = "<group>"; };
		9A4254ED2BC54761008CF725 /* ToDoListViewViewModel.swift */ = {isa = PBXFileReference; lastKnownFileType = sourcecode.swift; path = ToDoListViewViewModel.swift; sourceTree = "<group>"; };
		9A4254EF2BC5476C008CF725 /* NewItemViewViewModel.swift */ = {isa = PBXFileReference; lastKnownFileType = sourcecode.swift; path = NewItemViewViewModel.swift; sourceTree = "<group>"; };
		9A4254F12BC54775008CF725 /* LoginViewViewModel.swift */ = {isa = PBXFileReference; lastKnownFileType = sourcecode.swift; path = LoginViewViewModel.swift; sourceTree = "<group>"; };
		9A4254F32BC5477F008CF725 /* RegisterViewViewModel.swift */ = {isa = PBXFileReference; lastKnownFileType = sourcecode.swift; path = RegisterViewViewModel.swift; sourceTree = "<group>"; };
		9A4254F52BC5478D008CF725 /* ToDoListItemViewViewModel.swift */ = {isa = PBXFileReference; lastKnownFileType = sourcecode.swift; path = ToDoListItemViewViewModel.swift; sourceTree = "<group>"; };
/* End PBXFileReference section */

/* Begin PBXFrameworksBuildPhase section */
		9A4254942BC52D61008CF725 /* Frameworks */ = {
			isa = PBXFrameworksBuildPhase;
			buildActionMask = 2147483647;
			files = (
				9A4254C22BC5321D008CF725 /* FirebaseFirestore in Frameworks */,
				9A4254C62BC5321D008CF725 /* FirebaseFirestoreSwift in Frameworks */,
				9A4254B62BC5321D008CF725 /* FirebaseAuth in Frameworks */,
			);
			runOnlyForDeploymentPostprocessing = 0;
		};
/* End PBXFrameworksBuildPhase section */

/* Begin PBXGroup section */
		9A42548E2BC52D60008CF725 = {
			isa = PBXGroup;
			children = (
				9A4254992BC52D61008CF725 /* ToDoList */,
				9A4254982BC52D61008CF725 /* Products */,
			);
			sourceTree = "<group>";
		};
		9A4254982BC52D61008CF725 /* Products */ = {
			isa = PBXGroup;
			children = (
				9A4254972BC52D61008CF725 /* ToDoList.app */,
			);
			name = Products;
			sourceTree = "<group>";
		};
		9A4254992BC52D61008CF725 /* ToDoList */ = {
			isa = PBXGroup;
			children = (
				9A4254D82BC5456C008CF725 /* Other */,
				9A4254D72BC54558008CF725 /* Models */,
				9A4254D62BC5453B008CF725 /* ViewModels */,
				9A4254D52BC54525008CF725 /* Views */,
				9A4254A02BC52D65008CF725 /* Preview Content */,
			);
			path = ToDoList;
			sourceTree = "<group>";
		};
		9A4254A02BC52D65008CF725 /* Preview Content */ = {
			isa = PBXGroup;
			children = (
				9A4254A12BC52D65008CF725 /* Preview Assets.xcassets */,
			);
			path = "Preview Content";
			sourceTree = "<group>";
		};
		9A4254D52BC54525008CF725 /* Views */ = {
			isa = PBXGroup;
			children = (
				9A42549C2BC52D61008CF725 /* MainView.swift */,
				9A4254D92BC54633008CF725 /* ProfileView.swift */,
				9A4254DB2BC54663008CF725 /* ToDoListView.swift */,
				9A4254DD2BC5467F008CF725 /* NewItemView.swift */,
				9A4254DF2BC5468B008CF725 /* LoginView.swift */,
				9A31ABD52BD1007F00348D1A /* TLButton.swift */,
				9A4254E12BC5469B008CF725 /* RegisterView.swift */,
				9A4254E32BC546DA008CF725 /* ToDoListItemView.swift */,
				9A3C731A2BC6815900372C74 /* HeaderView.swift */,
			);
			path = Views;
			sourceTree = "<group>";
		};
		9A4254D62BC5453B008CF725 /* ViewModels */ = {
			isa = PBXGroup;
			children = (
				9A4254E92BC5474F008CF725 /* MainViewViewModel.swift */,
				9A4254EB2BC54757008CF725 /* ProfileViewViewModel.swift */,
				9A4254EF2BC5476C008CF725 /* NewItemViewViewModel.swift */,
				9A4254F12BC54775008CF725 /* LoginViewViewModel.swift */,
				9A4254F32BC5477F008CF725 /* RegisterViewViewModel.swift */,
				9A4254ED2BC54761008CF725 /* ToDoListViewViewModel.swift */,
				9A4254F52BC5478D008CF725 /* ToDoListItemViewViewModel.swift */,
			);
			path = ViewModels;
			sourceTree = "<group>";
		};
		9A4254D72BC54558008CF725 /* Models */ = {
			isa = PBXGroup;
			children = (
				9A4254E52BC54716008CF725 /* User.swift */,
				9A4254E72BC54723008CF725 /* ToDoListItem.swift */,
			);
			path = Models;
			sourceTree = "<group>";
		};
		9A4254D82BC5456C008CF725 /* Other */ = {
			isa = PBXGroup;
			children = (
				9A42549E2BC52D65008CF725 /* Assets.xcassets */,
				9A4254D32BC543BD008CF725 /* GoogleService-Info.plist */,
				9A42549A2BC52D61008CF725 /* ToDoListApp.swift */,
				9A30DF932BD11F5500B9DA52 /* Extensions.swift */,
				9A1E40CE2BD90CB7003087C8 /* Launch Screen.storyboard */,
			);
			path = Other;
			sourceTree = "<group>";
		};
/* End PBXGroup section */

/* Begin PBXNativeTarget section */
		9A4254962BC52D61008CF725 /* ToDoList */ = {
			isa = PBXNativeTarget;
			buildConfigurationList = 9A4254A52BC52D65008CF725 /* Build configuration list for PBXNativeTarget "ToDoList" */;
			buildPhases = (
				9A4254932BC52D61008CF725 /* Sources */,
				9A4254942BC52D61008CF725 /* Frameworks */,
				9A4254952BC52D61008CF725 /* Resources */,
			);
			buildRules = (
			);
			dependencies = (
			);
			name = ToDoList;
			packageProductDependencies = (
				9A4254B52BC5321D008CF725 /* FirebaseAuth */,
				9A4254C12BC5321D008CF725 /* FirebaseFirestore */,
				9A4254C52BC5321D008CF725 /* FirebaseFirestoreSwift */,
			);
			productName = ToDoList;
			productReference = 9A4254972BC52D61008CF725 /* ToDoList.app */;
			productType = "com.apple.product-type.application";
		};
/* End PBXNativeTarget section */

/* Begin PBXProject section */
		9A42548F2BC52D60008CF725 /* Project object */ = {
			isa = PBXProject;
			attributes = {
				BuildIndependentTargetsInParallel = 1;
				LastSwiftUpdateCheck = 1520;
				LastUpgradeCheck = 1520;
				TargetAttributes = {
					9A4254962BC52D61008CF725 = {
						CreatedOnToolsVersion = 15.2;
					};
				};
			};
			buildConfigurationList = 9A4254922BC52D60008CF725 /* Build configuration list for PBXProject "ToDoList" */;
			compatibilityVersion = "Xcode 14.0";
			developmentRegion = en;
			hasScannedForEncodings = 0;
			knownRegions = (
				en,
				Base,
			);
			mainGroup = 9A42548E2BC52D60008CF725;
			packageReferences = (
				9A4254A82BC5321C008CF725 /* XCRemoteSwiftPackageReference "firebase-ios-sdk" */,
			);
			productRefGroup = 9A4254982BC52D61008CF725 /* Products */;
			projectDirPath = "";
			projectRoot = "";
			targets = (
				9A4254962BC52D61008CF725 /* ToDoList */,
			);
		};
/* End PBXProject section */

/* Begin PBXResourcesBuildPhase section */
		9A4254952BC52D61008CF725 /* Resources */ = {
			isa = PBXResourcesBuildPhase;
			buildActionMask = 2147483647;
			files = (
				9A4254A22BC52D65008CF725 /* Preview Assets.xcassets in Resources */,
				9A42549F2BC52D65008CF725 /* Assets.xcassets in Resources */,
				9A1E40CF2BD90CB7003087C8 /* Launch Screen.storyboard in Resources */,
				9A4254D42BC543BD008CF725 /* GoogleService-Info.plist in Resources */,
			);
			runOnlyForDeploymentPostprocessing = 0;
		};
/* End PBXResourcesBuildPhase section */

/* Begin PBXSourcesBuildPhase section */
		9A4254932BC52D61008CF725 /* Sources */ = {
			isa = PBXSourcesBuildPhase;
			buildActionMask = 2147483647;
			files = (
				9A4254E02BC5468B008CF725 /* LoginView.swift in Sources */,
				9A3C731B2BC6815900372C74 /* HeaderView.swift in Sources */,
				9A42549D2BC52D61008CF725 /* MainView.swift in Sources */,
				9A4254F42BC5477F008CF725 /* RegisterViewViewModel.swift in Sources */,
				9A4254EA2BC5474F008CF725 /* MainViewViewModel.swift in Sources */,
				9A4254DC2BC54663008CF725 /* ToDoListView.swift in Sources */,
				9A4254E22BC5469B008CF725 /* RegisterView.swift in Sources */,
				9A31ABD62BD1007F00348D1A /* TLButton.swift in Sources */,
				9A4254EC2BC54757008CF725 /* ProfileViewViewModel.swift in Sources */,
				9A4254DA2BC54633008CF725 /* ProfileView.swift in Sources */,
				9A4254E62BC54716008CF725 /* User.swift in Sources */,
				9A4254E42BC546DA008CF725 /* ToDoListItemView.swift in Sources */,
				9A4254EE2BC54761008CF725 /* ToDoListViewViewModel.swift in Sources */,
				9A4254F22BC54775008CF725 /* LoginViewViewModel.swift in Sources */,
				9A42549B2BC52D61008CF725 /* ToDoListApp.swift in Sources */,
				9A30DF942BD11F5500B9DA52 /* Extensions.swift in Sources */,
				9A4254E82BC54723008CF725 /* ToDoListItem.swift in Sources */,
				9A4254DE2BC5467F008CF725 /* NewItemView.swift in Sources */,
				9A4254F02BC5476C008CF725 /* NewItemViewViewModel.swift in Sources */,
				9A4254F62BC5478D008CF725 /* ToDoListItemViewViewModel.swift in Sources */,
			);
			runOnlyForDeploymentPostprocessing = 0;
		};
/* End PBXSourcesBuildPhase section */

/* Begin XCBuildConfiguration section */
		9A4254A32BC52D65008CF725 /* Debug */ = {
			isa = XCBuildConfiguration;
			buildSettings = {
				ALWAYS_SEARCH_USER_PATHS = NO;
				ASSETCATALOG_COMPILER_GENERATE_SWIFT_ASSET_SYMBOL_EXTENSIONS = YES;
				CLANG_ANALYZER_NONNULL = YES;
				CLANG_ANALYZER_NUMBER_OBJECT_CONVERSION = YES_AGGRESSIVE;
				CLANG_CXX_LANGUAGE_STANDARD = "gnu++20";
				CLANG_ENABLE_MODULES = YES;
				CLANG_ENABLE_OBJC_ARC = YES;
				CLANG_ENABLE_OBJC_WEAK = YES;
				CLANG_WARN_BLOCK_CAPTURE_AUTORELEASING = YES;
				CLANG_WARN_BOOL_CONVERSION = YES;
				CLANG_WARN_COMMA = YES;
				CLANG_WARN_CONSTANT_CONVERSION = YES;
				CLANG_WARN_DEPRECATED_OBJC_IMPLEMENTATIONS = YES;
				CLANG_WARN_DIRECT_OBJC_ISA_USAGE = YES_ERROR;
				CLANG_WARN_DOCUMENTATION_COMMENTS = YES;
				CLANG_WARN_EMPTY_BODY = YES;
				CLANG_WARN_ENUM_CONVERSION = YES;
				CLANG_WARN_INFINITE_RECURSION = YES;
				CLANG_WARN_INT_CONVERSION = YES;
				CLANG_WARN_NON_LITERAL_NULL_CONVERSION = YES;
				CLANG_WARN_OBJC_IMPLICIT_RETAIN_SELF = YES;
				CLANG_WARN_OBJC_LITERAL_CONVERSION = YES;
				CLANG_WARN_OBJC_ROOT_CLASS = YES_ERROR;
				CLANG_WARN_QUOTED_INCLUDE_IN_FRAMEWORK_HEADER = YES;
				CLANG_WARN_RANGE_LOOP_ANALYSIS = YES;
				CLANG_WARN_STRICT_PROTOTYPES = YES;
				CLANG_WARN_SUSPICIOUS_MOVE = YES;
				CLANG_WARN_UNGUARDED_AVAILABILITY = YES_AGGRESSIVE;
				CLANG_WARN_UNREACHABLE_CODE = YES;
				CLANG_WARN__DUPLICATE_METHOD_MATCH = YES;
				COPY_PHASE_STRIP = NO;
				DEBUG_INFORMATION_FORMAT = dwarf;
				ENABLE_STRICT_OBJC_MSGSEND = YES;
				ENABLE_TESTABILITY = YES;
				ENABLE_USER_SCRIPT_SANDBOXING = YES;
				GCC_C_LANGUAGE_STANDARD = gnu17;
				GCC_DYNAMIC_NO_PIC = NO;
				GCC_NO_COMMON_BLOCKS = YES;
				GCC_OPTIMIZATION_LEVEL = 0;
				GCC_PREPROCESSOR_DEFINITIONS = (
					"DEBUG=1",
					"$(inherited)",
				);
				GCC_WARN_64_TO_32_BIT_CONVERSION = YES;
				GCC_WARN_ABOUT_RETURN_TYPE = YES_ERROR;
				GCC_WARN_UNDECLARED_SELECTOR = YES;
				GCC_WARN_UNINITIALIZED_AUTOS = YES_AGGRESSIVE;
				GCC_WARN_UNUSED_FUNCTION = YES;
				GCC_WARN_UNUSED_VARIABLE = YES;
				IPHONEOS_DEPLOYMENT_TARGET = 16.0;
				LOCALIZATION_PREFERS_STRING_CATALOGS = YES;
				MTL_ENABLE_DEBUG_INFO = INCLUDE_SOURCE;
				MTL_FAST_MATH = YES;
				ONLY_ACTIVE_ARCH = YES;
				SDKROOT = iphoneos;
				SWIFT_ACTIVE_COMPILATION_CONDITIONS = "DEBUG $(inherited)";
				SWIFT_OPTIMIZATION_LEVEL = "-Onone";
			};
			name = Debug;
		};
		9A4254A42BC52D65008CF725 /* Release */ = {
			isa = XCBuildConfiguration;
			buildSettings = {
				ALWAYS_SEARCH_USER_PATHS = NO;
				ASSETCATALOG_COMPILER_GENERATE_SWIFT_ASSET_SYMBOL_EXTENSIONS = YES;
				CLANG_ANALYZER_NONNULL = YES;
				CLANG_ANALYZER_NUMBER_OBJECT_CONVERSION = YES_AGGRESSIVE;
				CLANG_CXX_LANGUAGE_STANDARD = "gnu++20";
				CLANG_ENABLE_MODULES = YES;
				CLANG_ENABLE_OBJC_ARC = YES;
				CLANG_ENABLE_OBJC_WEAK = YES;
				CLANG_WARN_BLOCK_CAPTURE_AUTORELEASING = YES;
				CLANG_WARN_BOOL_CONVERSION = YES;
				CLANG_WARN_COMMA = YES;
				CLANG_WARN_CONSTANT_CONVERSION = YES;
				CLANG_WARN_DEPRECATED_OBJC_IMPLEMENTATIONS = YES;
				CLANG_WARN_DIRECT_OBJC_ISA_USAGE = YES_ERROR;
				CLANG_WARN_DOCUMENTATION_COMMENTS = YES;
				CLANG_WARN_EMPTY_BODY = YES;
				CLANG_WARN_ENUM_CONVERSION = YES;
				CLANG_WARN_INFINITE_RECURSION = YES;
				CLANG_WARN_INT_CONVERSION = YES;
				CLANG_WARN_NON_LITERAL_NULL_CONVERSION = YES;
				CLANG_WARN_OBJC_IMPLICIT_RETAIN_SELF = YES;
				CLANG_WARN_OBJC_LITERAL_CONVERSION = YES;
				CLANG_WARN_OBJC_ROOT_CLASS = YES_ERROR;
				CLANG_WARN_QUOTED_INCLUDE_IN_FRAMEWORK_HEADER = YES;
				CLANG_WARN_RANGE_LOOP_ANALYSIS = YES;
				CLANG_WARN_STRICT_PROTOTYPES = YES;
				CLANG_WARN_SUSPICIOUS_MOVE = YES;
				CLANG_WARN_UNGUARDED_AVAILABILITY = YES_AGGRESSIVE;
				CLANG_WARN_UNREACHABLE_CODE = YES;
				CLANG_WARN__DUPLICATE_METHOD_MATCH = YES;
				COPY_PHASE_STRIP = NO;
				DEBUG_INFORMATION_FORMAT = "dwarf-with-dsym";
				ENABLE_NS_ASSERTIONS = NO;
				ENABLE_STRICT_OBJC_MSGSEND = YES;
				ENABLE_USER_SCRIPT_SANDBOXING = YES;
				GCC_C_LANGUAGE_STANDARD = gnu17;
				GCC_NO_COMMON_BLOCKS = YES;
				GCC_WARN_64_TO_32_BIT_CONVERSION = YES;
				GCC_WARN_ABOUT_RETURN_TYPE = YES_ERROR;
				GCC_WARN_UNDECLARED_SELECTOR = YES;
				GCC_WARN_UNINITIALIZED_AUTOS = YES_AGGRESSIVE;
				GCC_WARN_UNUSED_FUNCTION = YES;
				GCC_WARN_UNUSED_VARIABLE = YES;
				IPHONEOS_DEPLOYMENT_TARGET = 16.0;
				LOCALIZATION_PREFERS_STRING_CATALOGS = YES;
				MTL_ENABLE_DEBUG_INFO = NO;
				MTL_FAST_MATH = YES;
				SDKROOT = iphoneos;
				SWIFT_COMPILATION_MODE = wholemodule;
				VALIDATE_PRODUCT = YES;
			};
			name = Release;
		};
		9A4254A62BC52D65008CF725 /* Debug */ = {
			isa = XCBuildConfiguration;
			buildSettings = {
				ASSETCATALOG_COMPILER_APPICON_NAME = AppIcon;
				ASSETCATALOG_COMPILER_GLOBAL_ACCENT_COLOR_NAME = AccentColor;
				CODE_SIGN_STYLE = Automatic;
				CURRENT_PROJECT_VERSION = 1;
				DEVELOPMENT_ASSET_PATHS = "\"ToDoList/Preview Content\"";
				ENABLE_PREVIEWS = YES;
				GENERATE_INFOPLIST_FILE = YES;
				INFOPLIST_KEY_CFBundleDisplayName = "To Do List";
				INFOPLIST_KEY_UIApplicationSceneManifest_Generation = YES;
				INFOPLIST_KEY_UIApplicationSupportsIndirectInputEvents = YES;
				INFOPLIST_KEY_UILaunchScreen_Generation = YES;
				INFOPLIST_KEY_UILaunchStoryboardName = "Launch Screen.storyboard";
				INFOPLIST_KEY_UISupportedInterfaceOrientations = UIInterfaceOrientationPortrait;
				IPHONEOS_DEPLOYMENT_TARGET = 16.0;
				LD_RUNPATH_SEARCH_PATHS = (
					"$(inherited)",
					"@executable_path/Frameworks",
				);
				MARKETING_VERSION = 1.0;
				PRODUCT_BUNDLE_IDENTIFIER = com.ulkoart.ToDoList;
				PRODUCT_NAME = "$(TARGET_NAME)";
				SWIFT_EMIT_LOC_STRINGS = YES;
				SWIFT_VERSION = 5.0;
				TARGETED_DEVICE_FAMILY = "1,2";
			};
			name = Debug;
		};
		9A4254A72BC52D65008CF725 /* Release */ = {
			isa = XCBuildConfiguration;
			buildSettings = {
				ASSETCATALOG_COMPILER_APPICON_NAME = AppIcon;
				ASSETCATALOG_COMPILER_GLOBAL_ACCENT_COLOR_NAME = AccentColor;
				CODE_SIGN_STYLE = Automatic;
				CURRENT_PROJECT_VERSION = 1;
				DEVELOPMENT_ASSET_PATHS = "\"ToDoList/Preview Content\"";
				ENABLE_PREVIEWS = YES;
				GENERATE_INFOPLIST_FILE = YES;
				INFOPLIST_KEY_CFBundleDisplayName = "To Do List";
				INFOPLIST_KEY_UIApplicationSceneManifest_Generation = YES;
				INFOPLIST_KEY_UIApplicationSupportsIndirectInputEvents = YES;
				INFOPLIST_KEY_UILaunchScreen_Generation = YES;
				INFOPLIST_KEY_UILaunchStoryboardName = "Launch Screen.storyboard";
				INFOPLIST_KEY_UISupportedInterfaceOrientations = UIInterfaceOrientationPortrait;
				IPHONEOS_DEPLOYMENT_TARGET = 16.0;
				LD_RUNPATH_SEARCH_PATHS = (
					"$(inherited)",
					"@executable_path/Frameworks",
				);
				MARKETING_VERSION = 1.0;
				PRODUCT_BUNDLE_IDENTIFIER = com.ulkoart.ToDoList;
				PRODUCT_NAME = "$(TARGET_NAME)";
				SWIFT_EMIT_LOC_STRINGS = YES;
				SWIFT_VERSION = 5.0;
				TARGETED_DEVICE_FAMILY = "1,2";
			};
			name = Release;
		};
/* End XCBuildConfiguration section */

/* Begin XCConfigurationList section */
		9A4254922BC52D60008CF725 /* Build configuration list for PBXProject "ToDoList" */ = {
			isa = XCConfigurationList;
			buildConfigurations = (
				9A4254A32BC52D65008CF725 /* Debug */,
				9A4254A42BC52D65008CF725 /* Release */,
			);
			defaultConfigurationIsVisible = 0;
			defaultConfigurationName = Release;
		};
		9A4254A52BC52D65008CF725 /* Build configuration list for PBXNativeTarget "ToDoList" */ = {
			isa = XCConfigurationList;
			buildConfigurations = (
				9A4254A62BC52D65008CF725 /* Debug */,
				9A4254A72BC52D65008CF725 /* Release */,
			);
			defaultConfigurationIsVisible = 0;
			defaultConfigurationName = Release;
		};
/* End XCConfigurationList section */

/* Begin XCRemoteSwiftPackageReference section */
		9A4254A82BC5321C008CF725 /* XCRemoteSwiftPackageReference "firebase-ios-sdk" */ = {
			isa = XCRemoteSwiftPackageReference;
			repositoryURL = "https://github.com/firebase/firebase-ios-sdk";
			requirement = {
				kind = upToNextMajorVersion;
				minimumVersion = 10.0.0;
			};
		};
/* End XCRemoteSwiftPackageReference section */

/* Begin XCSwiftPackageProductDependency section */
		9A4254B52BC5321D008CF725 /* FirebaseAuth */ = {
			isa = XCSwiftPackageProductDependency;
			package = 9A4254A82BC5321C008CF725 /* XCRemoteSwiftPackageReference "firebase-ios-sdk" */;
			productName = FirebaseAuth;
		};
		9A4254C12BC5321D008CF725 /* FirebaseFirestore */ = {
			isa = XCSwiftPackageProductDependency;
			package = 9A4254A82BC5321C008CF725 /* XCRemoteSwiftPackageReference "firebase-ios-sdk" */;
			productName = FirebaseFirestore;
		};
		9A4254C52BC5321D008CF725 /* FirebaseFirestoreSwift */ = {
			isa = XCSwiftPackageProductDependency;
			package = 9A4254A82BC5321C008CF725 /* XCRemoteSwiftPackageReference "firebase-ios-sdk" */;
			productName = FirebaseFirestoreSwift;
		};
/* End XCSwiftPackageProductDependency section */
	};
	rootObject = 9A42548F2BC52D60008CF725 /* Project object */;
}
